
Microsoft Visual Studio Solution File, Format Version 12.00
# Visual Studio Version 17
VisualStudioVersion = 17.0.32112.339
MinimumVisualStudioVersion = 10.0.40219.1
Project("{FAE04EC0-301F-11D3-BF4B-00C04F79EFBC}") = "DocumentSpellChecker", "DocumentSpellChecker\DocumentSpellChecker.csproj", "{BC4FBF62-353E-4F9C-A5A0-E222DE382E25}"
EndProject
Global
	GlobalSection(SolutionConfigurationPlatforms) = preSolution
		Debug|Any CPU = Debug|Any CPU
		Release|Any CPU = Release|Any CPU
	EndGlobalSection
	GlobalSection(ProjectConfigurationPlatforms) = postSolution
		{BC4FBF62-353E-4F9C-A5A0-E222DE382E25}.Debug|Any CPU.ActiveCfg = Debug|Any CPU
		{BC4FBF62-353E-4F9C-A5A0-E222DE382E25}.Debug|Any CPU.Build.0 = Debug|Any CPU
		{BC4FBF62-353E-4F9C-A5A0-E222DE382E25}.Release|Any CPU.ActiveCfg = Release|Any CPU
		{BC4FBF62-353E-4F9C-A5A0-E222DE382E25}.Release|Any CPU.Build.0 = Release|Any CPU
	EndGlobalSection
	GlobalSection(SolutionProperties) = preSolution
		HideSolutionNode = FALSE
	EndGlobalSection
	GlobalSection(ExtensibilityGlobals) = postSolution
		SolutionGuid = {D7B611A9-DB3B-4785-8390-BD1481A11B83}
	EndGlobalSection
EndGlobal
